
Microsoft Visual Studio Solution File, Format Version 12.00
Project("{FAE04EC0-301F-11D3-BF4B-00C04F79EFBC}") = "SchemaExplorer.Web", "SchemaExplorer.Web\SchemaExplorer.Web.csproj", "{E21A0695-3F6C-4A21-BFD7-A3E2B5AD7965}"
EndProject
Project("{FAE04EC0-301F-11D3-BF4B-00C04F79EFBC}") = "SchemaExplorer.ReportBuilder", "SchemaExplorer.ReportBuilder\SchemaExplorer.ReportBuilder.csproj", "{87467AE2-2B1D-4FF3-96A6-73A3FBF994C4}"
EndProject
Project("{FAE04EC0-301F-11D3-BF4B-00C04F79EFBC}") = "SchemaExplorer.Console", "SchemaExplorer.Console\SchemaExplorer.Console.csproj", "{AA6ECD28-47E7-4805-B288-AE6279659EA2}"
EndProject
Project("{FAE04EC0-301F-11D3-BF4B-00C04F79EFBC}") = "SchemaExplorer.NUnit", "SchemaExplorer.NUnit\SchemaExplorer.NUnit.csproj", "{25F4BDD7-AAEE-488B-A4D8-CAFD78B62BD7}"
EndProject
Project("{2150E333-8FDC-42A3-9474-1A3956D46DE8}") = "Tests", "Tests", "{B9AB81E6-1626-4B51-A4C7-69E605CECA57}"
EndProject
Project("{FAE04EC0-301F-11D3-BF4B-00C04F79EFBC}") = "NUnitTests", "NUnitTests\NUnitTests.csproj", "{C10043B3-7301-4A01-B1D0-A766616A3719}"
EndProject
Global
	GlobalSection(SolutionConfigurationPlatforms) = preSolution
		Debug|Any CPU = Debug|Any CPU
		Release|Any CPU = Release|Any CPU
	EndGlobalSection
	GlobalSection(ProjectConfigurationPlatforms) = postSolution
		{E21A0695-3F6C-4A21-BFD7-A3E2B5AD7965}.Debug|Any CPU.ActiveCfg = Debug|Any CPU
		{E21A0695-3F6C-4A21-BFD7-A3E2B5AD7965}.Debug|Any CPU.Build.0 = Debug|Any CPU
		{E21A0695-3F6C-4A21-BFD7-A3E2B5AD7965}.Release|Any CPU.ActiveCfg = Release|Any CPU
		{E21A0695-3F6C-4A21-BFD7-A3E2B5AD7965}.Release|Any CPU.Build.0 = Release|Any CPU
		{87467AE2-2B1D-4FF3-96A6-73A3FBF994C4}.Debug|Any CPU.ActiveCfg = Debug|Any CPU
		{87467AE2-2B1D-4FF3-96A6-73A3FBF994C4}.Debug|Any CPU.Build.0 = Debug|Any CPU
		{87467AE2-2B1D-4FF3-96A6-73A3FBF994C4}.Release|Any CPU.ActiveCfg = Release|Any CPU
		{87467AE2-2B1D-4FF3-96A6-73A3FBF994C4}.Release|Any CPU.Build.0 = Release|Any CPU
		{AA6ECD28-47E7-4805-B288-AE6279659EA2}.Debug|Any CPU.ActiveCfg = Debug|Any CPU
		{AA6ECD28-47E7-4805-B288-AE6279659EA2}.Debug|Any CPU.Build.0 = Debug|Any CPU
		{AA6ECD28-47E7-4805-B288-AE6279659EA2}.Release|Any CPU.ActiveCfg = Release|Any CPU
		{AA6ECD28-47E7-4805-B288-AE6279659EA2}.Release|Any CPU.Build.0 = Release|Any CPU
		{25F4BDD7-AAEE-488B-A4D8-CAFD78B62BD7}.Debug|Any CPU.ActiveCfg = Debug|Any CPU
		{25F4BDD7-AAEE-488B-A4D8-CAFD78B62BD7}.Debug|Any CPU.Build.0 = Debug|Any CPU
		{25F4BDD7-AAEE-488B-A4D8-CAFD78B62BD7}.Release|Any CPU.ActiveCfg = Release|Any CPU
		{25F4BDD7-AAEE-488B-A4D8-CAFD78B62BD7}.Release|Any CPU.Build.0 = Release|Any CPU
		{C10043B3-7301-4A01-B1D0-A766616A3719}.Debug|Any CPU.ActiveCfg = Debug|Any CPU
		{C10043B3-7301-4A01-B1D0-A766616A3719}.Debug|Any CPU.Build.0 = Debug|Any CPU
		{C10043B3-7301-4A01-B1D0-A766616A3719}.Release|Any CPU.ActiveCfg = Release|Any CPU
		{C10043B3-7301-4A01-B1D0-A766616A3719}.Release|Any CPU.Build.0 = Release|Any CPU
	EndGlobalSection
	GlobalSection(NestedProjects) = preSolution
		{C10043B3-7301-4A01-B1D0-A766616A3719} = {B9AB81E6-1626-4B51-A4C7-69E605CECA57}
	EndGlobalSection
EndGlobal
